
Microsoft Visual Studio Solution File, Format Version 12.00
# Visual Studio Version 16
VisualStudioVersion = 16.0.29806.167
MinimumVisualStudioVersion = 10.0.40219.1
Project("{FAE04EC0-301F-11D3-BF4B-00C04F79EFBC}") = "Homework4", "Homework4\Homework4.csproj", "{A9BDAB81-B337-413F-9DA8-F3B774E9534D}"
EndProject
Project("{FAE04EC0-301F-11D3-BF4B-00C04F79EFBC}") = "Task 1", "Task 1\Task 1.csproj", "{E6FDE151-89C8-490D-B443-9D95F173F65D}"
EndProject
Project("{FAE04EC0-301F-11D3-BF4B-00C04F79EFBC}") = "Task 2", "Task 2\Task 2.csproj", "{C0DA0AB8-D54C-4983-8626-B77F35C30D5E}"
EndProject
Global
	GlobalSection(SolutionConfigurationPlatforms) = preSolution
		Debug|Any CPU = Debug|Any CPU
		Release|Any CPU = Release|Any CPU
	EndGlobalSection
	GlobalSection(ProjectConfigurationPlatforms) = postSolution
		{A9BDAB81-B337-413F-9DA8-F3B774E9534D}.Debug|Any CPU.ActiveCfg = Debug|Any CPU
		{A9BDAB81-B337-413F-9DA8-F3B774E9534D}.Debug|Any CPU.Build.0 = Debug|Any CPU
		{A9BDAB81-B337-413F-9DA8-F3B774E9534D}.Release|Any CPU.ActiveCfg = Release|Any CPU
		{A9BDAB81-B337-413F-9DA8-F3B774E9534D}.Release|Any CPU.Build.0 = Release|Any CPU
		{E6FDE151-89C8-490D-B443-9D95F173F65D}.Debug|Any CPU.ActiveCfg = Debug|Any CPU
		{E6FDE151-89C8-490D-B443-9D95F173F65D}.Debug|Any CPU.Build.0 = Debug|Any CPU
		{E6FDE151-89C8-490D-B443-9D95F173F65D}.Release|Any CPU.ActiveCfg = Release|Any CPU
		{E6FDE151-89C8-490D-B443-9D95F173F65D}.Release|Any CPU.Build.0 = Release|Any CPU
		{C0DA0AB8-D54C-4983-8626-B77F35C30D5E}.Debug|Any CPU.ActiveCfg = Debug|Any CPU
		{C0DA0AB8-D54C-4983-8626-B77F35C30D5E}.Debug|Any CPU.Build.0 = Debug|Any CPU
		{C0DA0AB8-D54C-4983-8626-B77F35C30D5E}.Release|Any CPU.ActiveCfg = Release|Any CPU
		{C0DA0AB8-D54C-4983-8626-B77F35C30D5E}.Release|Any CPU.Build.0 = Release|Any CPU
	EndGlobalSection
	GlobalSection(SolutionProperties) = preSolution
		HideSolutionNode = FALSE
	EndGlobalSection
	GlobalSection(ExtensibilityGlobals) = postSolution
		SolutionGuid = {CD6FAADB-4A51-4460-9D7B-8DDE360839C6}
	EndGlobalSection
EndGlobal
